
Microsoft Visual Studio Solution File, Format Version 12.00
# Visual Studio Version 17
VisualStudioVersion = 17.8.34309.116
MinimumVisualStudioVersion = 10.0.40219.1
Project("{FAE04EC0-301F-11D3-BF4B-00C04F79EFBC}") = "donancuoiky", "donancuoiky\donancuoiky.csproj", "{F8E30E9C-25E4-4C04-A508-8EAE11479DE3}"
EndProject
Global
	GlobalSection(SolutionConfigurationPlatforms) = preSolution
		Debug|Any CPU = Debug|Any CPU
		Release|Any CPU = Release|Any CPU
	EndGlobalSection
	GlobalSection(ProjectConfigurationPlatforms) = postSolution
		{F8E30E9C-25E4-4C04-A508-8EAE11479DE3}.Debug|Any CPU.ActiveCfg = Debug|Any CPU
		{F8E30E9C-25E4-4C04-A508-8EAE11479DE3}.Debug|Any CPU.Build.0 = Debug|Any CPU
		{F8E30E9C-25E4-4C04-A508-8EAE11479DE3}.Release|Any CPU.ActiveCfg = Release|Any CPU
		{F8E30E9C-25E4-4C04-A508-8EAE11479DE3}.Release|Any CPU.Build.0 = Release|Any CPU
	EndGlobalSection
	GlobalSection(SolutionProperties) = preSolution
		HideSolutionNode = FALSE
	EndGlobalSection
	GlobalSection(ExtensibilityGlobals) = postSolution
		SolutionGuid = {E9084E67-5E10-44A6-8C58-564ECB513AEC}
	EndGlobalSection
EndGlobal
